
Microsoft Visual Studio Solution File, Format Version 12.00
# Visual Studio Version 17
VisualStudioVersion = 17.3.32929.385
MinimumVisualStudioVersion = 10.0.40219.1
Project("{9A19103F-16F7-4668-BE54-9A1E7A4F7556}") = "pokemonReviewApp", "pokemonReviewApp\pokemonReviewApp.csproj", "{96020643-E4B7-42EF-94FD-05F92CDE1B4C}"
EndProject
Project("{2150E333-8FDC-42A3-9474-1A3956D46DE8}") = "Solution Items", "Solution Items", "{4C0F3515-582A-4F19-BFF3-C65A46830798}"
	ProjectSection(SolutionItems) = preProject
		.editorconfig = .editorconfig
	EndProjectSection
EndProject
Global
	GlobalSection(SolutionConfigurationPlatforms) = preSolution
		Debug|Any CPU = Debug|Any CPU
		Release|Any CPU = Release|Any CPU
	EndGlobalSection
	GlobalSection(ProjectConfigurationPlatforms) = postSolution
		{96020643-E4B7-42EF-94FD-05F92CDE1B4C}.Debug|Any CPU.ActiveCfg = Debug|Any CPU
		{96020643-E4B7-42EF-94FD-05F92CDE1B4C}.Debug|Any CPU.Build.0 = Debug|Any CPU
		{96020643-E4B7-42EF-94FD-05F92CDE1B4C}.Release|Any CPU.ActiveCfg = Release|Any CPU
		{96020643-E4B7-42EF-94FD-05F92CDE1B4C}.Release|Any CPU.Build.0 = Release|Any CPU
	EndGlobalSection
	GlobalSection(SolutionProperties) = preSolution
		HideSolutionNode = FALSE
	EndGlobalSection
	GlobalSection(ExtensibilityGlobals) = postSolution
		SolutionGuid = {DD9D97B3-9248-4570-A506-DD84D8222E1A}
	EndGlobalSection
EndGlobal
